
Microsoft Visual Studio Solution File, Format Version 12.00
# Visual Studio Version 17
VisualStudioVersion = 17.3.32825.248
MinimumVisualStudioVersion = 10.0.40219.1
Project("{9A19103F-16F7-4668-BE54-9A1E7A4F7556}") = "DataStructures", "DataStructures\DataStructures.csproj", "{5DA7A636-BAA6-4819-88E8-BC541C6E9B58}"
EndProject
Project("{9A19103F-16F7-4668-BE54-9A1E7A4F7556}") = "DataStructures_Tests", "DataStructures_Tests\DataStructures_Tests.csproj", "{4F5A4083-3A2C-430A-A3FD-A5EED0493C68}"
EndProject
Project("{9A19103F-16F7-4668-BE54-9A1E7A4F7556}") = "Runner", "Runner\Runner.csproj", "{81E3EC7B-1BFD-4007-8921-EB69A4F077AF}"
EndProject
Project("{2150E333-8FDC-42A3-9474-1A3956D46DE8}") = "HackerRank", "HackerRank", "{43D9EF5E-1D01-435B-889B-F9647AE63881}"
EndProject
Project("{2150E333-8FDC-42A3-9474-1A3956D46DE8}") = "InterviewPreparationKit", "InterviewPreparationKit", "{AFC80D84-50EE-495A-905B-A092C722701F}"
EndProject
Project("{9A19103F-16F7-4668-BE54-9A1E7A4F7556}") = "WarmupChallenges", "HackerRank\InterviewPreparationKit\WarmupChallenges\WarmupChallenges.csproj", "{F607A67C-1B15-470C-935E-2842E7DFD82F}"
EndProject
Project("{9A19103F-16F7-4668-BE54-9A1E7A4F7556}") = "WarmupChallenges_Tests", "HackerRank\InterviewPreparationKit\WarmupChallenges_Tests\WarmupChallenges_Tests.csproj", "{3A347511-6CE3-42A9-8DAF-9C2B8ECF1F0E}"
EndProject
Project("{FAE04EC0-301F-11D3-BF4B-00C04F79EFBC}") = "Arrays", "HackerRank\InterviewPreparationKit\Arrays\Arrays\Arrays.csproj", "{861BE869-60F1-49D2-87B6-257C1C9E1945}"
EndProject
Project("{FAE04EC0-301F-11D3-BF4B-00C04F79EFBC}") = "Arrays_Tests", "HackerRank\InterviewPreparationKit\Arrays\Arrays_Tests\Arrays_Tests.csproj", "{E2C800BB-4838-4BAB-883B-88492C462E79}"
EndProject
Global
	GlobalSection(SolutionConfigurationPlatforms) = preSolution
		Debug|Any CPU = Debug|Any CPU
		Release|Any CPU = Release|Any CPU
	EndGlobalSection
	GlobalSection(ProjectConfigurationPlatforms) = postSolution
		{5DA7A636-BAA6-4819-88E8-BC541C6E9B58}.Debug|Any CPU.ActiveCfg = Debug|Any CPU
		{5DA7A636-BAA6-4819-88E8-BC541C6E9B58}.Debug|Any CPU.Build.0 = Debug|Any CPU
		{5DA7A636-BAA6-4819-88E8-BC541C6E9B58}.Release|Any CPU.ActiveCfg = Release|Any CPU
		{5DA7A636-BAA6-4819-88E8-BC541C6E9B58}.Release|Any CPU.Build.0 = Release|Any CPU
		{4F5A4083-3A2C-430A-A3FD-A5EED0493C68}.Debug|Any CPU.ActiveCfg = Debug|Any CPU
		{4F5A4083-3A2C-430A-A3FD-A5EED0493C68}.Debug|Any CPU.Build.0 = Debug|Any CPU
		{4F5A4083-3A2C-430A-A3FD-A5EED0493C68}.Release|Any CPU.ActiveCfg = Release|Any CPU
		{4F5A4083-3A2C-430A-A3FD-A5EED0493C68}.Release|Any CPU.Build.0 = Release|Any CPU
		{81E3EC7B-1BFD-4007-8921-EB69A4F077AF}.Debug|Any CPU.ActiveCfg = Debug|Any CPU
		{81E3EC7B-1BFD-4007-8921-EB69A4F077AF}.Debug|Any CPU.Build.0 = Debug|Any CPU
		{81E3EC7B-1BFD-4007-8921-EB69A4F077AF}.Release|Any CPU.ActiveCfg = Release|Any CPU
		{81E3EC7B-1BFD-4007-8921-EB69A4F077AF}.Release|Any CPU.Build.0 = Release|Any CPU
		{F607A67C-1B15-470C-935E-2842E7DFD82F}.Debug|Any CPU.ActiveCfg = Debug|Any CPU
		{F607A67C-1B15-470C-935E-2842E7DFD82F}.Debug|Any CPU.Build.0 = Debug|Any CPU
		{F607A67C-1B15-470C-935E-2842E7DFD82F}.Release|Any CPU.ActiveCfg = Release|Any CPU
		{F607A67C-1B15-470C-935E-2842E7DFD82F}.Release|Any CPU.Build.0 = Release|Any CPU
		{3A347511-6CE3-42A9-8DAF-9C2B8ECF1F0E}.Debug|Any CPU.ActiveCfg = Debug|Any CPU
		{3A347511-6CE3-42A9-8DAF-9C2B8ECF1F0E}.Debug|Any CPU.Build.0 = Debug|Any CPU
		{3A347511-6CE3-42A9-8DAF-9C2B8ECF1F0E}.Release|Any CPU.ActiveCfg = Release|Any CPU
		{3A347511-6CE3-42A9-8DAF-9C2B8ECF1F0E}.Release|Any CPU.Build.0 = Release|Any CPU
		{861BE869-60F1-49D2-87B6-257C1C9E1945}.Debug|Any CPU.ActiveCfg = Debug|Any CPU
		{861BE869-60F1-49D2-87B6-257C1C9E1945}.Debug|Any CPU.Build.0 = Debug|Any CPU
		{861BE869-60F1-49D2-87B6-257C1C9E1945}.Release|Any CPU.ActiveCfg = Release|Any CPU
		{861BE869-60F1-49D2-87B6-257C1C9E1945}.Release|Any CPU.Build.0 = Release|Any CPU
		{E2C800BB-4838-4BAB-883B-88492C462E79}.Debug|Any CPU.ActiveCfg = Debug|Any CPU
		{E2C800BB-4838-4BAB-883B-88492C462E79}.Debug|Any CPU.Build.0 = Debug|Any CPU
		{E2C800BB-4838-4BAB-883B-88492C462E79}.Release|Any CPU.ActiveCfg = Release|Any CPU
		{E2C800BB-4838-4BAB-883B-88492C462E79}.Release|Any CPU.Build.0 = Release|Any CPU
	EndGlobalSection
	GlobalSection(SolutionProperties) = preSolution
		HideSolutionNode = FALSE
	EndGlobalSection
	GlobalSection(NestedProjects) = preSolution
		{AFC80D84-50EE-495A-905B-A092C722701F} = {43D9EF5E-1D01-435B-889B-F9647AE63881}
		{F607A67C-1B15-470C-935E-2842E7DFD82F} = {AFC80D84-50EE-495A-905B-A092C722701F}
		{3A347511-6CE3-42A9-8DAF-9C2B8ECF1F0E} = {AFC80D84-50EE-495A-905B-A092C722701F}
		{861BE869-60F1-49D2-87B6-257C1C9E1945} = {AFC80D84-50EE-495A-905B-A092C722701F}
		{E2C800BB-4838-4BAB-883B-88492C462E79} = {AFC80D84-50EE-495A-905B-A092C722701F}
	EndGlobalSection
	GlobalSection(ExtensibilityGlobals) = postSolution
		SolutionGuid = {5347AD88-8960-4D2C-9283-60A2EA693A1E}
	EndGlobalSection
EndGlobal
